// !$*UTF8*$!
{
	archiveVersion = 1;
	classes = {
	};
	objectVersion = 46;
	objects = {

/* Begin PBXBuildFile section */
		CB2DAD711F5C94760099DFC0 /* BusTimeTable2.csv in Resources */ = {isa = PBXBuildFile; fileRef = CB2DAD701F5C94760099DFC0 /* BusTimeTable2.csv */; };
		CB46C3DF1F4C1379009544B4 /* AppDelegate.swift in Sources */ = {isa = PBXBuildFile; fileRef = CB46C3DE1F4C1379009544B4 /* AppDelegate.swift */; };
		CB46C3E11F4C1379009544B4 /* ViewController.swift in Sources */ = {isa = PBXBuildFile; fileRef = CB46C3E01F4C1379009544B4 /* ViewController.swift */; };
		CB46C3E41F4C1379009544B4 /* Main.storyboard in Resources */ = {isa = PBXBuildFile; fileRef = CB46C3E21F4C1379009544B4 /* Main.storyboard */; };
		CB46C3E61F4C1379009544B4 /* Assets.xcassets in Resources */ = {isa = PBXBuildFile; fileRef = CB46C3E51F4C1379009544B4 /* Assets.xcassets */; };
		CB46C3E91F4C1379009544B4 /* LaunchScreen.storyboard in Resources */ = {isa = PBXBuildFile; fileRef = CB46C3E71F4C1379009544B4 /* LaunchScreen.storyboard */; };
		CB46C3F41F4C1379009544B4 /* HachiBusTimeTableTests.swift in Sources */ = {isa = PBXBuildFile; fileRef = CB46C3F31F4C1379009544B4 /* HachiBusTimeTableTests.swift */; };
		CB46C3FF1F4C1379009544B4 /* HachiBusTimeTableUITests.swift in Sources */ = {isa = PBXBuildFile; fileRef = CB46C3FE1F4C1379009544B4 /* HachiBusTimeTableUITests.swift */; };
		CB46C40D1F4CA35A009544B4 /* WebViewController.swift in Sources */ = {isa = PBXBuildFile; fileRef = CB46C40C1F4CA35A009544B4 /* WebViewController.swift */; };
		CBCFED031F59CDF9000E6376 /* GoingBusTimeTableView.swift in Sources */ = {isa = PBXBuildFile; fileRef = CBCFED021F59CDF9000E6376 /* GoingBusTimeTableView.swift */; };
		CBCFED0D1F5C656C000E6376 /* BusTimeTable.csv in Resources */ = {isa = PBXBuildFile; fileRef = CBCFED0C1F5C656C000E6376 /* BusTimeTable.csv */; };
		CBCFED0F1F5C7AFA000E6376 /* TimeTableFormating.swift in Sources */ = {isa = PBXBuildFile; fileRef = CBCFED0E1F5C7AFA000E6376 /* TimeTableFormating.swift */; };
		CBCFED111F5C87A4000E6376 /* ReturnBusTimeTableView.swift in Sources */ = {isa = PBXBuildFile; fileRef = CBCFED101F5C87A4000E6376 /* ReturnBusTimeTableView.swift */; };
/* End PBXBuildFile section */

/* Begin PBXContainerItemProxy section */
		CB46C3F01F4C1379009544B4 /* PBXContainerItemProxy */ = {
			isa = PBXContainerItemProxy;
			containerPortal = CB46C3D31F4C1378009544B4 /* Project object */;
			proxyType = 1;
			remoteGlobalIDString = CB46C3DA1F4C1379009544B4;
			remoteInfo = HachiBusTimeTable;
		};
		CB46C3FB1F4C1379009544B4 /* PBXContainerItemProxy */ = {
			isa = PBXContainerItemProxy;
			containerPortal = CB46C3D31F4C1378009544B4 /* Project object */;
			proxyType = 1;
			remoteGlobalIDString = CB46C3DA1F4C1379009544B4;
			remoteInfo = HachiBusTimeTable;
		};
/* End PBXContainerItemProxy section */

/* Begin PBXFileReference section */
		CB2DAD701F5C94760099DFC0 /* BusTimeTable2.csv */ = {isa = PBXFileReference; fileEncoding = 4; lastKnownFileType = text; path = BusTimeTable2.csv; sourceTree = "<group>"; };
		CB46C3DB1F4C1379009544B4 /* HachiBusTimeTable.app */ = {isa = PBXFileReference; explicitFileType = wrapper.application; includeInIndex = 0; path = HachiBusTimeTable.app; sourceTree = BUILT_PRODUCTS_DIR; };
		CB46C3DE1F4C1379009544B4 /* AppDelegate.swift */ = {isa = PBXFileReference; lastKnownFileType = sourcecode.swift; path = AppDelegate.swift; sourceTree = "<group>"; };
		CB46C3E01F4C1379009544B4 /* ViewController.swift */ = {isa = PBXFileReference; lastKnownFileType = sourcecode.swift; path = ViewController.swift; sourceTree = "<group>"; };
		CB46C3E31F4C1379009544B4 /* Base */ = {isa = PBXFileReference; lastKnownFileType = file.storyboard; name = Base; path = Base.lproj/Main.storyboard; sourceTree = "<group>"; };
		CB46C3E51F4C1379009544B4 /* Assets.xcassets */ = {isa = PBXFileReference; lastKnownFileType = folder.assetcatalog; path = Assets.xcassets; sourceTree = "<group>"; };
		CB46C3E81F4C1379009544B4 /* Base */ = {isa = PBXFileReference; lastKnownFileType = file.storyboard; name = Base; path = Base.lproj/LaunchScreen.storyboard; sourceTree = "<group>"; };
		CB46C3EA1F4C1379009544B4 /* Info.plist */ = {isa = PBXFileReference; lastKnownFileType = text.plist.xml; path = Info.plist; sourceTree = "<group>"; };
		CB46C3EF1F4C1379009544B4 /* HachiBusTimeTableTests.xctest */ = {isa = PBXFileReference; explicitFileType = wrapper.cfbundle; includeInIndex = 0; path = HachiBusTimeTableTests.xctest; sourceTree = BUILT_PRODUCTS_DIR; };
		CB46C3F31F4C1379009544B4 /* HachiBusTimeTableTests.swift */ = {isa = PBXFileReference; lastKnownFileType = sourcecode.swift; path = HachiBusTimeTableTests.swift; sourceTree = "<group>"; };
		CB46C3F51F4C1379009544B4 /* Info.plist */ = {isa = PBXFileReference; lastKnownFileType = text.plist.xml; path = Info.plist; sourceTree = "<group>"; };
		CB46C3FA1F4C1379009544B4 /* HachiBusTimeTableUITests.xctest */ = {isa = PBXFileReference; explicitFileType = wrapper.cfbundle; includeInIndex = 0; path = HachiBusTimeTableUITests.xctest; sourceTree = BUILT_PRODUCTS_DIR; };
		CB46C3FE1F4C1379009544B4 /* HachiBusTimeTableUITests.swift */ = {isa = PBXFileReference; lastKnownFileType = sourcecode.swift; path = HachiBusTimeTableUITests.swift; sourceTree = "<group>"; };
		CB46C4001F4C1379009544B4 /* Info.plist */ = {isa = PBXFileReference; lastKnownFileType = text.plist.xml; path = Info.plist; sourceTree = "<group>"; };
		CB46C40C1F4CA35A009544B4 /* WebViewController.swift */ = {isa = PBXFileReference; fileEncoding = 4; lastKnownFileType = sourcecode.swift; path = WebViewController.swift; sourceTree = "<group>"; };
		CBCFED021F59CDF9000E6376 /* GoingBusTimeTableView.swift */ = {isa = PBXFileReference; fileEncoding = 4; lastKnownFileType = sourcecode.swift; path = GoingBusTimeTableView.swift; sourceTree = "<group>"; };
		CBCFED0C1F5C656C000E6376 /* BusTimeTable.csv */ = {isa = PBXFileReference; fileEncoding = 4; lastKnownFileType = text; path = BusTimeTable.csv; sourceTree = "<group>"; };
		CBCFED0E1F5C7AFA000E6376 /* TimeTableFormating.swift */ = {isa = PBXFileReference; fileEncoding = 4; lastKnownFileType = sourcecode.swift; path = TimeTableFormating.swift; sourceTree = "<group>"; };
		CBCFED101F5C87A4000E6376 /* ReturnBusTimeTableView.swift */ = {isa = PBXFileReference; fileEncoding = 4; lastKnownFileType = sourcecode.swift; path = ReturnBusTimeTableView.swift; sourceTree = "<group>"; };
/* End PBXFileReference section */

/* Begin PBXFrameworksBuildPhase section */
		CB46C3D81F4C1379009544B4 /* Frameworks */ = {
			isa = PBXFrameworksBuildPhase;
			buildActionMask = 2147483647;
			files = (
			);
			runOnlyForDeploymentPostprocessing = 0;
		};
		CB46C3EC1F4C1379009544B4 /* Frameworks */ = {
			isa = PBXFrameworksBuildPhase;
			buildActionMask = 2147483647;
			files = (
			);
			runOnlyForDeploymentPostprocessing = 0;
		};
		CB46C3F71F4C1379009544B4 /* Frameworks */ = {
			isa = PBXFrameworksBuildPhase;
			buildActionMask = 2147483647;
			files = (
			);
			runOnlyForDeploymentPostprocessing = 0;
		};
/* End PBXFrameworksBuildPhase section */

/* Begin PBXGroup section */
		CB46C3D21F4C1378009544B4 = {
			isa = PBXGroup;
			children = (
				CB2DAD701F5C94760099DFC0 /* BusTimeTable2.csv */,
				CBCFED0C1F5C656C000E6376 /* BusTimeTable.csv */,
				CB46C3DD1F4C1379009544B4 /* HachiBusTimeTable */,
				CB46C3F21F4C1379009544B4 /* HachiBusTimeTableTests */,
				CB46C3FD1F4C1379009544B4 /* HachiBusTimeTableUITests */,
				CB46C3DC1F4C1379009544B4 /* Products */,
			);
			sourceTree = "<group>";
		};
		CB46C3DC1F4C1379009544B4 /* Products */ = {
			isa = PBXGroup;
			children = (
				CB46C3DB1F4C1379009544B4 /* HachiBusTimeTable.app */,
				CB46C3EF1F4C1379009544B4 /* HachiBusTimeTableTests.xctest */,
				CB46C3FA1F4C1379009544B4 /* HachiBusTimeTableUITests.xctest */,
			);
			name = Products;
			sourceTree = "<group>";
		};
		CB46C3DD1F4C1379009544B4 /* HachiBusTimeTable */ = {
			isa = PBXGroup;
			children = (
				CB46C3DE1F4C1379009544B4 /* AppDelegate.swift */,
				CB46C3E01F4C1379009544B4 /* ViewController.swift */,
				CB46C3E21F4C1379009544B4 /* Main.storyboard */,
				CB46C3E51F4C1379009544B4 /* Assets.xcassets */,
				CB46C3E71F4C1379009544B4 /* LaunchScreen.storyboard */,
				CB46C3EA1F4C1379009544B4 /* Info.plist */,
				CB46C40C1F4CA35A009544B4 /* WebViewController.swift */,
				CBCFED021F59CDF9000E6376 /* GoingBusTimeTableView.swift */,
				CBCFED0E1F5C7AFA000E6376 /* TimeTableFormating.swift */,
				CBCFED101F5C87A4000E6376 /* ReturnBusTimeTableView.swift */,
			);
			path = HachiBusTimeTable;
			sourceTree = "<group>";
		};
		CB46C3F21F4C1379009544B4 /* HachiBusTimeTableTests */ = {
			isa = PBXGroup;
			children = (
				CB46C3F31F4C1379009544B4 /* HachiBusTimeTableTests.swift */,
				CB46C3F51F4C1379009544B4 /* Info.plist */,
			);
			path = HachiBusTimeTableTests;
			sourceTree = "<group>";
		};
		CB46C3FD1F4C1379009544B4 /* HachiBusTimeTableUITests */ = {
			isa = PBXGroup;
			children = (
				CB46C3FE1F4C1379009544B4 /* HachiBusTimeTableUITests.swift */,
				CB46C4001F4C1379009544B4 /* Info.plist */,
			);
			path = HachiBusTimeTableUITests;
			sourceTree = "<group>";
		};
/* End PBXGroup section */

/* Begin PBXNativeTarget section */
		CB46C3DA1F4C1379009544B4 /* HachiBusTimeTable */ = {
			isa = PBXNativeTarget;
			buildConfigurationList = CB46C4031F4C1379009544B4 /* Build configuration list for PBXNativeTarget "HachiBusTimeTable" */;
			buildPhases = (
				CB46C3D71F4C1379009544B4 /* Sources */,
				CB46C3D81F4C1379009544B4 /* Frameworks */,
				CB46C3D91F4C1379009544B4 /* Resources */,
			);
			buildRules = (
			);
			dependencies = (
			);
			name = HachiBusTimeTable;
			productName = HachiBusTimeTable;
			productReference = CB46C3DB1F4C1379009544B4 /* HachiBusTimeTable.app */;
			productType = "com.apple.product-type.application";
		};
		CB46C3EE1F4C1379009544B4 /* HachiBusTimeTableTests */ = {
			isa = PBXNativeTarget;
			buildConfigurationList = CB46C4061F4C1379009544B4 /* Build configuration list for PBXNativeTarget "HachiBusTimeTableTests" */;
			buildPhases = (
				CB46C3EB1F4C1379009544B4 /* Sources */,
				CB46C3EC1F4C1379009544B4 /* Frameworks */,
				CB46C3ED1F4C1379009544B4 /* Resources */,
			);
			buildRules = (
			);
			dependencies = (
				CB46C3F11F4C1379009544B4 /* PBXTargetDependency */,
			);
			name = HachiBusTimeTableTests;
			productName = HachiBusTimeTableTests;
			productReference = CB46C3EF1F4C1379009544B4 /* HachiBusTimeTableTests.xctest */;
			productType = "com.apple.product-type.bundle.unit-test";
		};
		CB46C3F91F4C1379009544B4 /* HachiBusTimeTableUITests */ = {
			isa = PBXNativeTarget;
			buildConfigurationList = CB46C4091F4C1379009544B4 /* Build configuration list for PBXNativeTarget "HachiBusTimeTableUITests" */;
			buildPhases = (
				CB46C3F61F4C1379009544B4 /* Sources */,
				CB46C3F71F4C1379009544B4 /* Frameworks */,
				CB46C3F81F4C1379009544B4 /* Resources */,
			);
			buildRules = (
			);
			dependencies = (
				CB46C3FC1F4C1379009544B4 /* PBXTargetDependency */,
			);
			name = HachiBusTimeTableUITests;
			productName = HachiBusTimeTableUITests;
			productReference = CB46C3FA1F4C1379009544B4 /* HachiBusTimeTableUITests.xctest */;
			productType = "com.apple.product-type.bundle.ui-testing";
		};
/* End PBXNativeTarget section */

/* Begin PBXProject section */
		CB46C3D31F4C1378009544B4 /* Project object */ = {
			isa = PBXProject;
			attributes = {
				KnownAssetTags = (
					a,
				);
				LastSwiftUpdateCheck = 0830;
				LastUpgradeCheck = 0830;
				ORGANIZATIONNAME = "Ryuta Ishikawa";
				TargetAttributes = {
					CB46C3DA1F4C1379009544B4 = {
						CreatedOnToolsVersion = 8.3.1;
						DevelopmentTeam = 6GCKPF2C83;
						ProvisioningStyle = Automatic;
					};
					CB46C3EE1F4C1379009544B4 = {
						CreatedOnToolsVersion = 8.3.1;
						ProvisioningStyle = Automatic;
						TestTargetID = CB46C3DA1F4C1379009544B4;
					};
					CB46C3F91F4C1379009544B4 = {
						CreatedOnToolsVersion = 8.3.1;
						ProvisioningStyle = Automatic;
						TestTargetID = CB46C3DA1F4C1379009544B4;
					};
				};
			};
			buildConfigurationList = CB46C3D61F4C1379009544B4 /* Build configuration list for PBXProject "HachiBusTimeTable" */;
			compatibilityVersion = "Xcode 3.2";
			developmentRegion = English;
			hasScannedForEncodings = 0;
			knownRegions = (
				en,
				Base,
			);
			mainGroup = CB46C3D21F4C1378009544B4;
			productRefGroup = CB46C3DC1F4C1379009544B4 /* Products */;
			projectDirPath = "";
			projectRoot = "";
			targets = (
				CB46C3DA1F4C1379009544B4 /* HachiBusTimeTable */,
				CB46C3EE1F4C1379009544B4 /* HachiBusTimeTableTests */,
				CB46C3F91F4C1379009544B4 /* HachiBusTimeTableUITests */,
			);
		};
/* End PBXProject section */

/* Begin PBXResourcesBuildPhase section */
		CB46C3D91F4C1379009544B4 /* Resources */ = {
			isa = PBXResourcesBuildPhase;
			buildActionMask = 2147483647;
			files = (
				CB46C3E91F4C1379009544B4 /* LaunchScreen.storyboard in Resources */,
				CB46C3E61F4C1379009544B4 /* Assets.xcassets in Resources */,
				CB46C3E41F4C1379009544B4 /* Main.storyboard in Resources */,
				CBCFED0D1F5C656C000E6376 /* BusTimeTable.csv in Resources */,
				CB2DAD711F5C94760099DFC0 /* BusTimeTable2.csv in Resources */,
			);
			runOnlyForDeploymentPostprocessing = 0;
		};
		CB46C3ED1F4C1379009544B4 /* Resources */ = {
			isa = PBXResourcesBuildPhase;
			buildActionMask = 2147483647;
			files = (
			);
			runOnlyForDeploymentPostprocessing = 0;
		};
		CB46C3F81F4C1379009544B4 /* Resources */ = {
			isa = PBXResourcesBuildPhase;
			buildActionMask = 2147483647;
			files = (
			);
			runOnlyForDeploymentPostprocessing = 0;
		};
/* End PBXResourcesBuildPhase section */

/* Begin PBXSourcesBuildPhase section */
		CB46C3D71F4C1379009544B4 /* Sources */ = {
			isa = PBXSourcesBuildPhase;
			buildActionMask = 2147483647;
			files = (
				CB46C3E11F4C1379009544B4 /* ViewController.swift in Sources */,
				CB46C40D1F4CA35A009544B4 /* WebViewController.swift in Sources */,
				CBCFED0F1F5C7AFA000E6376 /* TimeTableFormating.swift in Sources */,
				CBCFED111F5C87A4000E6376 /* ReturnBusTimeTableView.swift in Sources */,
				CBCFED031F59CDF9000E6376 /* GoingBusTimeTableView.swift in Sources */,
				CB46C3DF1F4C1379009544B4 /* AppDelegate.swift in Sources */,
			);
			runOnlyForDeploymentPostprocessing = 0;
		};
		CB46C3EB1F4C1379009544B4 /* Sources */ = {
			isa = PBXSourcesBuildPhase;
			buildActionMask = 2147483647;
			files = (
				CB46C3F41F4C1379009544B4 /* HachiBusTimeTableTests.swift in Sources */,
			);
			runOnlyForDeploymentPostprocessing = 0;
		};
		CB46C3F61F4C1379009544B4 /* Sources */ = {
			isa = PBXSourcesBuildPhase;
			buildActionMask = 2147483647;
			files = (
				CB46C3FF1F4C1379009544B4 /* HachiBusTimeTableUITests.swift in Sources */,
			);
			runOnlyForDeploymentPostprocessing = 0;
		};
/* End PBXSourcesBuildPhase section */

/* Begin PBXTargetDependency section */
		CB46C3F11F4C1379009544B4 /* PBXTargetDependency */ = {
			isa = PBXTargetDependency;
			target = CB46C3DA1F4C1379009544B4 /* HachiBusTimeTable */;
			targetProxy = CB46C3F01F4C1379009544B4 /* PBXContainerItemProxy */;
		};
		CB46C3FC1F4C1379009544B4 /* PBXTargetDependency */ = {
			isa = PBXTargetDependency;
			target = CB46C3DA1F4C1379009544B4 /* HachiBusTimeTable */;
			targetProxy = CB46C3FB1F4C1379009544B4 /* PBXContainerItemProxy */;
		};
/* End PBXTargetDependency section */

/* Begin PBXVariantGroup section */
		CB46C3E21F4C1379009544B4 /* Main.storyboard */ = {
			isa = PBXVariantGroup;
			children = (
				CB46C3E31F4C1379009544B4 /* Base */,
			);
			name = Main.storyboard;
			sourceTree = "<group>";
		};
		CB46C3E71F4C1379009544B4 /* LaunchScreen.storyboard */ = {
			isa = PBXVariantGroup;
			children = (
				CB46C3E81F4C1379009544B4 /* Base */,
			);
			name = LaunchScreen.storyboard;
			sourceTree = "<group>";
		};
/* End PBXVariantGroup section */

/* Begin XCBuildConfiguration section */
		CB46C4011F4C1379009544B4 /* Debug */ = {
			isa = XCBuildConfiguration;
			buildSettings = {
				ALWAYS_SEARCH_USER_PATHS = NO;
				CLANG_ANALYZER_NONNULL = YES;
				CLANG_ANALYZER_NUMBER_OBJECT_CONVERSION = YES_AGGRESSIVE;
				CLANG_CXX_LANGUAGE_STANDARD = "gnu++0x";
				CLANG_CXX_LIBRARY = "libc++";
				CLANG_ENABLE_MODULES = YES;
				CLANG_ENABLE_OBJC_ARC = YES;
				CLANG_WARN_BOOL_CONVERSION = YES;
				CLANG_WARN_CONSTANT_CONVERSION = YES;
				CLANG_WARN_DIRECT_OBJC_ISA_USAGE = YES_ERROR;
				CLANG_WARN_DOCUMENTATION_COMMENTS = YES;
				CLANG_WARN_EMPTY_BODY = YES;
				CLANG_WARN_ENUM_CONVERSION = YES;
				CLANG_WARN_INFINITE_RECURSION = YES;
				CLANG_WARN_INT_CONVERSION = YES;
				CLANG_WARN_OBJC_ROOT_CLASS = YES_ERROR;
				CLANG_WARN_SUSPICIOUS_MOVE = YES;
				CLANG_WARN_UNREACHABLE_CODE = YES;
				CLANG_WARN__DUPLICATE_METHOD_MATCH = YES;
				"CODE_SIGN_IDENTITY[sdk=iphoneos*]" = "iPhone Developer";
				COPY_PHASE_STRIP = NO;
				DEBUG_INFORMATION_FORMAT = dwarf;
				ENABLE_STRICT_OBJC_MSGSEND = YES;
				ENABLE_TESTABILITY = YES;
				GCC_C_LANGUAGE_STANDARD = gnu99;
				GCC_DYNAMIC_NO_PIC = NO;
				GCC_NO_COMMON_BLOCKS = YES;
				GCC_OPTIMIZATION_LEVEL = 0;
				GCC_PREPROCESSOR_DEFINITIONS = (
					"DEBUG=1",
					"$(inherited)",
				);
				GCC_WARN_64_TO_32_BIT_CONVERSION = YES;
				GCC_WARN_ABOUT_RETURN_TYPE = YES_ERROR;
				GCC_WARN_UNDECLARED_SELECTOR = YES;
				GCC_WARN_UNINITIALIZED_AUTOS = YES_AGGRESSIVE;
				GCC_WARN_UNUSED_FUNCTION = YES;
				GCC_WARN_UNUSED_VARIABLE = YES;
				IPHONEOS_DEPLOYMENT_TARGET = 10.3;
				MTL_ENABLE_DEBUG_INFO = YES;
				ONLY_ACTIVE_ARCH = YES;
				SDKROOT = iphoneos;
				SWIFT_ACTIVE_COMPILATION_CONDITIONS = DEBUG;
				SWIFT_OPTIMIZATION_LEVEL = "-Onone";
			};
			name = Debug;
		};
		CB46C4021F4C1379009544B4 /* Release */ = {
			isa = XCBuildConfiguration;
			buildSettings = {
				ALWAYS_SEARCH_USER_PATHS = NO;
				CLANG_ANALYZER_NONNULL = YES;
				CLANG_ANALYZER_NUMBER_OBJECT_CONVERSION = YES_AGGRESSIVE;
				CLANG_CXX_LANGUAGE_STANDARD = "gnu++0x";
				CLANG_CXX_LIBRARY = "libc++";
				CLANG_ENABLE_MODULES = YES;
				CLANG_ENABLE_OBJC_ARC = YES;
				CLANG_WARN_BOOL_CONVERSION = YES;
				CLANG_WARN_CONSTANT_CONVERSION = YES;
				CLANG_WARN_DIRECT_OBJC_ISA_USAGE = YES_ERROR;
				CLANG_WARN_DOCUMENTATION_COMMENTS = YES;
				CLANG_WARN_EMPTY_BODY = YES;
				CLANG_WARN_ENUM_CONVERSION = YES;
				CLANG_WARN_INFINITE_RECURSION = YES;
				CLANG_WARN_INT_CONVERSION = YES;
				CLANG_WARN_OBJC_ROOT_CLASS = YES_ERROR;
				CLANG_WARN_SUSPICIOUS_MOVE = YES;
				CLANG_WARN_UNREACHABLE_CODE = YES;
				CLANG_WARN__DUPLICATE_METHOD_MATCH = YES;
				"CODE_SIGN_IDENTITY[sdk=iphoneos*]" = "iPhone Developer";
				COPY_PHASE_STRIP = NO;
				DEBUG_INFORMATION_FORMAT = "dwarf-with-dsym";
				ENABLE_NS_ASSERTIONS = NO;
				ENABLE_STRICT_OBJC_MSGSEND = YES;
				GCC_C_LANGUAGE_STANDARD = gnu99;
				GCC_NO_COMMON_BLOCKS = YES;
				GCC_WARN_64_TO_32_BIT_CONVERSION = YES;
				GCC_WARN_ABOUT_RETURN_TYPE = YES_ERROR;
				GCC_WARN_UNDECLARED_SELECTOR = YES;
				GCC_WARN_UNINITIALIZED_AUTOS = YES_AGGRESSIVE;
				GCC_WARN_UNUSED_FUNCTION = YES;
				GCC_WARN_UNUSED_VARIABLE = YES;
				IPHONEOS_DEPLOYMENT_TARGET = 10.3;
				MTL_ENABLE_DEBUG_INFO = NO;
				SDKROOT = iphoneos;
				SWIFT_OPTIMIZATION_LEVEL = "-Owholemodule";
				VALIDATE_PRODUCT = YES;
			};
			name = Release;
		};
		CB46C4041F4C1379009544B4 /* Debug */ = {
			isa = XCBuildConfiguration;
			buildSettings = {
				ASSETCATALOG_COMPILER_APPICON_NAME = AppIcon;
				DEVELOPMENT_TEAM = 6GCKPF2C83;
				INFOPLIST_FILE = HachiBusTimeTable/Info.plist;
				LD_RUNPATH_SEARCH_PATHS = "$(inherited) @executable_path/Frameworks";
				PRODUCT_BUNDLE_IDENTIFIER = "net.d-colors.HachiBusTimeTable";
				PRODUCT_NAME = "$(TARGET_NAME)";
				SWIFT_VERSION = 3.0;
			};
			name = Debug;
		};
		CB46C4051F4C1379009544B4 /* Release */ = {
			isa = XCBuildConfiguration;
			buildSettings = {
				ASSETCATALOG_COMPILER_APPICON_NAME = AppIcon;
				DEVELOPMENT_TEAM = 6GCKPF2C83;
				INFOPLIST_FILE = HachiBusTimeTable/Info.plist;
				LD_RUNPATH_SEARCH_PATHS = "$(inherited) @executable_path/Frameworks";
				PRODUCT_BUNDLE_IDENTIFIER = "net.d-colors.HachiBusTimeTable";
				PRODUCT_NAME = "$(TARGET_NAME)";
				SWIFT_VERSION = 3.0;
			};
			name = Release;
		};
		CB46C4071F4C1379009544B4 /* Debug */ = {
			isa = XCBuildConfiguration;
			buildSettings = {
				ALWAYS_EMBED_SWIFT_STANDARD_LIBRARIES = YES;
				BUNDLE_LOADER = "$(TEST_HOST)";
				INFOPLIST_FILE = HachiBusTimeTableTests/Info.plist;
				LD_RUNPATH_SEARCH_PATHS = "$(inherited) @executable_path/Frameworks @loader_path/Frameworks";
				PRODUCT_BUNDLE_IDENTIFIER = "net.d-colors.HachiBusTimeTableTests";
				PRODUCT_NAME = "$(TARGET_NAME)";
				SWIFT_VERSION = 3.0;
				TEST_HOST = "$(BUILT_PRODUCTS_DIR)/HachiBusTimeTable.app/HachiBusTimeTable";
			};
			name = Debug;
		};
		CB46C4081F4C1379009544B4 /* Release */ = {
			isa = XCBuildConfiguration;
			buildSettings = {
				ALWAYS_EMBED_SWIFT_STANDARD_LIBRARIES = YES;
				BUNDLE_LOADER = "$(TEST_HOST)";
				INFOPLIST_FILE = HachiBusTimeTableTests/Info.plist;
				LD_RUNPATH_SEARCH_PATHS = "$(inherited) @executable_path/Frameworks @loader_path/Frameworks";
				PRODUCT_BUNDLE_IDENTIFIER = "net.d-colors.HachiBusTimeTableTests";
				PRODUCT_NAME = "$(TARGET_NAME)";
				SWIFT_VERSION = 3.0;
				TEST_HOST = "$(BUILT_PRODUCTS_DIR)/HachiBusTimeTable.app/HachiBusTimeTable";
			};
			name = Release;
		};
		CB46C40A1F4C1379009544B4 /* Debug */ = {
			isa = XCBuildConfiguration;
			buildSettings = {
				ALWAYS_EMBED_SWIFT_STANDARD_LIBRARIES = YES;
				INFOPLIST_FILE = HachiBusTimeTableUITests/Info.plist;
				LD_RUNPATH_SEARCH_PATHS = "$(inherited) @executable_path/Frameworks @loader_path/Frameworks";
				PRODUCT_BUNDLE_IDENTIFIER = "net.d-colors.HachiBusTimeTableUITests";
				PRODUCT_NAME = "$(TARGET_NAME)";
				SWIFT_VERSION = 3.0;
				TEST_TARGET_NAME = HachiBusTimeTable;
			};
			name = Debug;
		};
		CB46C40B1F4C1379009544B4 /* Release */ = {
			isa = XCBuildConfiguration;
			buildSettings = {
				ALWAYS_EMBED_SWIFT_STANDARD_LIBRARIES = YES;
				INFOPLIST_FILE = HachiBusTimeTableUITests/Info.plist;
				LD_RUNPATH_SEARCH_PATHS = "$(inherited) @executable_path/Frameworks @loader_path/Frameworks";
				PRODUCT_BUNDLE_IDENTIFIER = "net.d-colors.HachiBusTimeTableUITests";
				PRODUCT_NAME = "$(TARGET_NAME)";
				SWIFT_VERSION = 3.0;
				TEST_TARGET_NAME = HachiBusTimeTable;
			};
			name = Release;
		};
/* End XCBuildConfiguration section */

/* Begin XCConfigurationList section */
		CB46C3D61F4C1379009544B4 /* Build configuration list for PBXProject "HachiBusTimeTable" */ = {
			isa = XCConfigurationList;
			buildConfigurations = (
				CB46C4011F4C1379009544B4 /* Debug */,
				CB46C4021F4C1379009544B4 /* Release */,
			);
			defaultConfigurationIsVisible = 0;
			defaultConfigurationName = Release;
		};
		CB46C4031F4C1379009544B4 /* Build configuration list for PBXNativeTarget "HachiBusTimeTable" */ = {
			isa = XCConfigurationList;
			buildConfigurations = (
				CB46C4041F4C1379009544B4 /* Debug */,
				CB46C4051F4C1379009544B4 /* Release */,
			);
			defaultConfigurationIsVisible = 0;
			defaultConfigurationName = Release;
		};
		CB46C4061F4C1379009544B4 /* Build configuration list for PBXNativeTarget "HachiBusTimeTableTests" */ = {
			isa = XCConfigurationList;
			buildConfigurations = (
				CB46C4071F4C1379009544B4 /* Debug */,
				CB46C4081F4C1379009544B4 /* Release */,
			);
			defaultConfigurationIsVisible = 0;
			defaultConfigurationName = Release;
		};
		CB46C4091F4C1379009544B4 /* Build configuration list for PBXNativeTarget "HachiBusTimeTableUITests" */ = {
			isa = XCConfigurationList;
			buildConfigurations = (
				CB46C40A1F4C1379009544B4 /* Debug */,
				CB46C40B1F4C1379009544B4 /* Release */,
			);
			defaultConfigurationIsVisible = 0;
			defaultConfigurationName = Release;
		};
/* End XCConfigurationList section */
	};
	rootObject = CB46C3D31F4C1378009544B4 /* Project object */;
}
